
Microsoft Visual Studio Solution File, Format Version 12.00
# Visual Studio Version 17
VisualStudioVersion = 17.0.31903.59
MinimumVisualStudioVersion = 10.0.40219.1
Project("{FAE04EC0-301F-11D3-BF4B-00C04F79EFBC}") = "NotesApplication.Core", "NotesApplication.Core\NotesApplication.Core.csproj", "{9D1C325F-D6B8-4926-BDA4-9C693B9905D9}"
EndProject
Project("{FAE04EC0-301F-11D3-BF4B-00C04F79EFBC}") = "NotesApplication.Data", "NotesApplication.Data\NotesApplication.Data.csproj", "{88D92080-C7E7-429E-ADBB-960F95826FD3}"
EndProject
Project("{FAE04EC0-301F-11D3-BF4B-00C04F79EFBC}") = "NotesApplication.Services", "NotesApplication.Services\NotesApplication.Services.csproj", "{A6A92560-EEFD-49C2-875C-72DA73EBD533}"
EndProject
Project("{FAE04EC0-301F-11D3-BF4B-00C04F79EFBC}") = "NotesApplication.API", "NotesApplication.API\NotesApplication.API.csproj", "{80AD403E-19B3-4143-92BD-45687D65059B}"
EndProject
Project("{FAE04EC0-301F-11D3-BF4B-00C04F79EFBC}") = "NotesApplication.Migrations", "NotesApplication.Migrations\NotesApplication.Migrations.csproj", "{749469C0-0446-49A3-AD1D-238C5646086C}"
EndProject
Global
	GlobalSection(SolutionConfigurationPlatforms) = preSolution
		Debug|Any CPU = Debug|Any CPU
		Release|Any CPU = Release|Any CPU
	EndGlobalSection
	GlobalSection(SolutionProperties) = preSolution
		HideSolutionNode = FALSE
	EndGlobalSection
	GlobalSection(ProjectConfigurationPlatforms) = postSolution
		{9D1C325F-D6B8-4926-BDA4-9C693B9905D9}.Debug|Any CPU.ActiveCfg = Debug|Any CPU
		{9D1C325F-D6B8-4926-BDA4-9C693B9905D9}.Debug|Any CPU.Build.0 = Debug|Any CPU
		{9D1C325F-D6B8-4926-BDA4-9C693B9905D9}.Release|Any CPU.ActiveCfg = Release|Any CPU
		{9D1C325F-D6B8-4926-BDA4-9C693B9905D9}.Release|Any CPU.Build.0 = Release|Any CPU
		{88D92080-C7E7-429E-ADBB-960F95826FD3}.Debug|Any CPU.ActiveCfg = Debug|Any CPU
		{88D92080-C7E7-429E-ADBB-960F95826FD3}.Debug|Any CPU.Build.0 = Debug|Any CPU
		{88D92080-C7E7-429E-ADBB-960F95826FD3}.Release|Any CPU.ActiveCfg = Release|Any CPU
		{88D92080-C7E7-429E-ADBB-960F95826FD3}.Release|Any CPU.Build.0 = Release|Any CPU
		{A6A92560-EEFD-49C2-875C-72DA73EBD533}.Debug|Any CPU.ActiveCfg = Debug|Any CPU
		{A6A92560-EEFD-49C2-875C-72DA73EBD533}.Debug|Any CPU.Build.0 = Debug|Any CPU
		{A6A92560-EEFD-49C2-875C-72DA73EBD533}.Release|Any CPU.ActiveCfg = Release|Any CPU
		{A6A92560-EEFD-49C2-875C-72DA73EBD533}.Release|Any CPU.Build.0 = Release|Any CPU
		{80AD403E-19B3-4143-92BD-45687D65059B}.Debug|Any CPU.ActiveCfg = Debug|Any CPU
		{80AD403E-19B3-4143-92BD-45687D65059B}.Debug|Any CPU.Build.0 = Debug|Any CPU
		{80AD403E-19B3-4143-92BD-45687D65059B}.Release|Any CPU.ActiveCfg = Release|Any CPU
		{80AD403E-19B3-4143-92BD-45687D65059B}.Release|Any CPU.Build.0 = Release|Any CPU
		{749469C0-0446-49A3-AD1D-238C5646086C}.Debug|Any CPU.ActiveCfg = Debug|Any CPU
		{749469C0-0446-49A3-AD1D-238C5646086C}.Debug|Any CPU.Build.0 = Debug|Any CPU
		{749469C0-0446-49A3-AD1D-238C5646086C}.Release|Any CPU.ActiveCfg = Release|Any CPU
		{749469C0-0446-49A3-AD1D-238C5646086C}.Release|Any CPU.Build.0 = Release|Any CPU
	EndGlobalSection
EndGlobal
